// !$*UTF8*$!
{
	archiveVersion = 1;
	classes = {
	};
	objectVersion = 46;
	objects = {

/* Begin PBXBuildFile section */
		3D73B87B1DDDB03300F8E62A /* ReceiptGenerator.m in Sources */ = {isa = PBXBuildFile; fileRef = 3D73B87A1DDDB03300F8E62A /* ReceiptGenerator.m */; };
		3D73B87E1DDDB0D300F8E62A /* Receipt.m in Sources */ = {isa = PBXBuildFile; fileRef = 3D73B87D1DDDB0D300F8E62A /* Receipt.m */; };
		3D73B8811DDDB1B900F8E62A /* ReceiptItem.m in Sources */ = {isa = PBXBuildFile; fileRef = 3D73B8801DDDB1B900F8E62A /* ReceiptItem.m */; };
		3D73B8861DDDBAC100F8E62A /* ReceiptItemTest.m in Sources */ = {isa = PBXBuildFile; fileRef = 3D73B8851DDDBAC100F8E62A /* ReceiptItemTest.m */; };
		3D73B8881DDDBF6C00F8E62A /* ReceiptTest.m in Sources */ = {isa = PBXBuildFile; fileRef = 3D73B8871DDDBF6C00F8E62A /* ReceiptTest.m */; };
		3D73B88A1DDDC3CD00F8E62A /* ReceiptGeneratorTest.m in Sources */ = {isa = PBXBuildFile; fileRef = 3D73B8891DDDC3CD00F8E62A /* ReceiptGeneratorTest.m */; };
		3D8B82AB1DDD8D4A0046D237 /* ProductBasket.m in Sources */ = {isa = PBXBuildFile; fileRef = 3D8B82AA1DDD8D4A0046D237 /* ProductBasket.m */; };
		3D8B82AD1DDD95370046D237 /* ProductBasketTest.m in Sources */ = {isa = PBXBuildFile; fileRef = 3D8B82AC1DDD95370046D237 /* ProductBasketTest.m */; };
		3DA627571DDEDFD300331C00 /* BasketDetailViewController.m in Sources */ = {isa = PBXBuildFile; fileRef = 3DA627561DDEDFD300331C00 /* BasketDetailViewController.m */; };
		3DA6275A1DDEE2EE00331C00 /* DecimalSupport.m in Sources */ = {isa = PBXBuildFile; fileRef = 3DA627591DDEE2EE00331C00 /* DecimalSupport.m */; };
		3DD93D281DDBA6FB0091569A /* main.m in Sources */ = {isa = PBXBuildFile; fileRef = 3DD93D271DDBA6FB0091569A /* main.m */; };
		3DD93D2B1DDBA6FB0091569A /* AppDelegate.m in Sources */ = {isa = PBXBuildFile; fileRef = 3DD93D2A1DDBA6FB0091569A /* AppDelegate.m */; };
		3DD93D2E1DDBA6FB0091569A /* BasketSelectorViewController.m in Sources */ = {isa = PBXBuildFile; fileRef = 3DD93D2D1DDBA6FB0091569A /* BasketSelectorViewController.m */; };
		3DD93D311DDBA6FB0091569A /* Main.storyboard in Resources */ = {isa = PBXBuildFile; fileRef = 3DD93D2F1DDBA6FB0091569A /* Main.storyboard */; };
		3DD93D331DDBA6FB0091569A /* Assets.xcassets in Resources */ = {isa = PBXBuildFile; fileRef = 3DD93D321DDBA6FB0091569A /* Assets.xcassets */; };
		3DD93D361DDBA6FB0091569A /* LaunchScreen.storyboard in Resources */ = {isa = PBXBuildFile; fileRef = 3DD93D341DDBA6FB0091569A /* LaunchScreen.storyboard */; };
		3DD93D531DDBBAF10091569A /* ApplicableTaxRule.m in Sources */ = {isa = PBXBuildFile; fileRef = 3DD93D521DDBBAF10091569A /* ApplicableTaxRule.m */; };
		3DD93D571DDBC4DB0091569A /* TaxCalculator.m in Sources */ = {isa = PBXBuildFile; fileRef = 3DD93D561DDBC4DB0091569A /* TaxCalculator.m */; };
		3DD93D5A1DDBC5E40091569A /* TaxCalculatorItem.m in Sources */ = {isa = PBXBuildFile; fileRef = 3DD93D591DDBC5E40091569A /* TaxCalculatorItem.m */; };
		3DD93D5D1DDBC7ED0091569A /* TaxCalculatorResult.m in Sources */ = {isa = PBXBuildFile; fileRef = 3DD93D5C1DDBC7ED0091569A /* TaxCalculatorResult.m */; };
		3DD93D5F1DDBCE8C0091569A /* ApplicableTaxTest.m in Sources */ = {isa = PBXBuildFile; fileRef = 3DD93D5E1DDBCE8C0091569A /* ApplicableTaxTest.m */; };
		3DD93D621DDC366F0091569A /* ApplicableTax.m in Sources */ = {isa = PBXBuildFile; fileRef = 3DD93D611DDC366F0091569A /* ApplicableTax.m */; };
		3DD93D641DDCF1CA0091569A /* TaxCalculatorTest.m in Sources */ = {isa = PBXBuildFile; fileRef = 3DD93D631DDCF1CA0091569A /* TaxCalculatorTest.m */; };
		3DD93D671DDD7D590091569A /* TaxCalculatorUtils.m in Sources */ = {isa = PBXBuildFile; fileRef = 3DD93D661DDD7D590091569A /* TaxCalculatorUtils.m */; };
		3DD93D6A1DDD82300091569A /* TestsUtils.m in Sources */ = {isa = PBXBuildFile; fileRef = 3DD93D691DDD82300091569A /* TestsUtils.m */; };
/* End PBXBuildFile section */

/* Begin PBXContainerItemProxy section */
		3DD93D3D1DDBA6FB0091569A /* PBXContainerItemProxy */ = {
			isa = PBXContainerItemProxy;
			containerPortal = 3DD93D1B1DDBA6FB0091569A /* Project object */;
			proxyType = 1;
			remoteGlobalIDString = 3DD93D221DDBA6FB0091569A;
			remoteInfo = SalesTaxes;
		};
/* End PBXContainerItemProxy section */

/* Begin PBXFileReference section */
		3D73B8791DDDB03300F8E62A /* ReceiptGenerator.h */ = {isa = PBXFileReference; fileEncoding = 4; lastKnownFileType = sourcecode.c.h; name = ReceiptGenerator.h; path = support/ReceiptGenerator/ReceiptGenerator.h; sourceTree = "<group>"; };
		3D73B87A1DDDB03300F8E62A /* ReceiptGenerator.m */ = {isa = PBXFileReference; fileEncoding = 4; lastKnownFileType = sourcecode.c.objc; name = ReceiptGenerator.m; path = support/ReceiptGenerator/ReceiptGenerator.m; sourceTree = "<group>"; };
		3D73B87C1DDDB0D200F8E62A /* Receipt.h */ = {isa = PBXFileReference; fileEncoding = 4; lastKnownFileType = sourcecode.c.h; name = Receipt.h; path = support/ReceiptGenerator/Receipt.h; sourceTree = "<group>"; };
		3D73B87D1DDDB0D300F8E62A /* Receipt.m */ = {isa = PBXFileReference; fileEncoding = 4; lastKnownFileType = sourcecode.c.objc; name = Receipt.m; path = support/ReceiptGenerator/Receipt.m; sourceTree = "<group>"; };
		3D73B87F1DDDB1B900F8E62A /* ReceiptItem.h */ = {isa = PBXFileReference; fileEncoding = 4; lastKnownFileType = sourcecode.c.h; name = ReceiptItem.h; path = support/ReceiptGenerator/ReceiptItem.h; sourceTree = "<group>"; };
		3D73B8801DDDB1B900F8E62A /* ReceiptItem.m */ = {isa = PBXFileReference; fileEncoding = 4; lastKnownFileType = sourcecode.c.objc; name = ReceiptItem.m; path = support/ReceiptGenerator/ReceiptItem.m; sourceTree = "<group>"; };
		3D73B8851DDDBAC100F8E62A /* ReceiptItemTest.m */ = {isa = PBXFileReference; fileEncoding = 4; lastKnownFileType = sourcecode.c.objc; path = ReceiptItemTest.m; sourceTree = "<group>"; };
		3D73B8871DDDBF6C00F8E62A /* ReceiptTest.m */ = {isa = PBXFileReference; fileEncoding = 4; lastKnownFileType = sourcecode.c.objc; path = ReceiptTest.m; sourceTree = "<group>"; };
		3D73B8891DDDC3CD00F8E62A /* ReceiptGeneratorTest.m */ = {isa = PBXFileReference; fileEncoding = 4; lastKnownFileType = sourcecode.c.objc; path = ReceiptGeneratorTest.m; sourceTree = "<group>"; };
		3D8B82A91DDD8D4A0046D237 /* ProductBasket.h */ = {isa = PBXFileReference; fileEncoding = 4; lastKnownFileType = sourcecode.c.h; name = ProductBasket.h; path = support/ProductBasket/ProductBasket.h; sourceTree = "<group>"; };
		3D8B82AA1DDD8D4A0046D237 /* ProductBasket.m */ = {isa = PBXFileReference; fileEncoding = 4; lastKnownFileType = sourcecode.c.objc; name = ProductBasket.m; path = support/ProductBasket/ProductBasket.m; sourceTree = "<group>"; };
		3D8B82AC1DDD95370046D237 /* ProductBasketTest.m */ = {isa = PBXFileReference; fileEncoding = 4; lastKnownFileType = sourcecode.c.objc; path = ProductBasketTest.m; sourceTree = "<group>"; };
		3DA627551DDEDFD300331C00 /* BasketDetailViewController.h */ = {isa = PBXFileReference; fileEncoding = 4; lastKnownFileType = sourcecode.c.h; path = BasketDetailViewController.h; sourceTree = "<group>"; };
		3DA627561DDEDFD300331C00 /* BasketDetailViewController.m */ = {isa = PBXFileReference; fileEncoding = 4; lastKnownFileType = sourcecode.c.objc; path = BasketDetailViewController.m; sourceTree = "<group>"; };
		3DA627581DDEE2EE00331C00 /* DecimalSupport.h */ = {isa = PBXFileReference; fileEncoding = 4; lastKnownFileType = sourcecode.c.h; path = DecimalSupport.h; sourceTree = "<group>"; };
		3DA627591DDEE2EE00331C00 /* DecimalSupport.m */ = {isa = PBXFileReference; fileEncoding = 4; lastKnownFileType = sourcecode.c.objc; path = DecimalSupport.m; sourceTree = "<group>"; };
		3DD93D231DDBA6FB0091569A /* SalesTaxes.app */ = {isa = PBXFileReference; explicitFileType = wrapper.application; includeInIndex = 0; path = SalesTaxes.app; sourceTree = BUILT_PRODUCTS_DIR; };
		3DD93D271DDBA6FB0091569A /* main.m */ = {isa = PBXFileReference; lastKnownFileType = sourcecode.c.objc; path = main.m; sourceTree = "<group>"; };
		3DD93D291DDBA6FB0091569A /* AppDelegate.h */ = {isa = PBXFileReference; lastKnownFileType = sourcecode.c.h; path = AppDelegate.h; sourceTree = "<group>"; };
		3DD93D2A1DDBA6FB0091569A /* AppDelegate.m */ = {isa = PBXFileReference; lastKnownFileType = sourcecode.c.objc; path = AppDelegate.m; sourceTree = "<group>"; };
		3DD93D2C1DDBA6FB0091569A /* BasketSelectorViewController.h */ = {isa = PBXFileReference; lastKnownFileType = sourcecode.c.h; path = BasketSelectorViewController.h; sourceTree = "<group>"; };
		3DD93D2D1DDBA6FB0091569A /* BasketSelectorViewController.m */ = {isa = PBXFileReference; lastKnownFileType = sourcecode.c.objc; path = BasketSelectorViewController.m; sourceTree = "<group>"; };
		3DD93D301DDBA6FB0091569A /* Base */ = {isa = PBXFileReference; lastKnownFileType = file.storyboard; name = Base; path = Base.lproj/Main.storyboard; sourceTree = "<group>"; };
		3DD93D321DDBA6FB0091569A /* Assets.xcassets */ = {isa = PBXFileReference; lastKnownFileType = folder.assetcatalog; path = Assets.xcassets; sourceTree = "<group>"; };
		3DD93D351DDBA6FB0091569A /* Base */ = {isa = PBXFileReference; lastKnownFileType = file.storyboard; name = Base; path = Base.lproj/LaunchScreen.storyboard; sourceTree = "<group>"; };
		3DD93D371DDBA6FB0091569A /* Info.plist */ = {isa = PBXFileReference; lastKnownFileType = text.plist.xml; path = Info.plist; sourceTree = "<group>"; };
		3DD93D3C1DDBA6FB0091569A /* SalesTaxesTests.xctest */ = {isa = PBXFileReference; explicitFileType = wrapper.cfbundle; includeInIndex = 0; path = SalesTaxesTests.xctest; sourceTree = BUILT_PRODUCTS_DIR; };
		3DD93D421DDBA6FB0091569A /* Info.plist */ = {isa = PBXFileReference; lastKnownFileType = text.plist.xml; path = Info.plist; sourceTree = "<group>"; };
		3DD93D511DDBBAF10091569A /* ApplicableTaxRule.h */ = {isa = PBXFileReference; fileEncoding = 4; lastKnownFileType = sourcecode.c.h; name = ApplicableTaxRule.h; path = support/TaxCalculator/ApplicableTaxRule.h; sourceTree = "<group>"; };
		3DD93D521DDBBAF10091569A /* ApplicableTaxRule.m */ = {isa = PBXFileReference; fileEncoding = 4; lastKnownFileType = sourcecode.c.objc; name = ApplicableTaxRule.m; path = support/TaxCalculator/ApplicableTaxRule.m; sourceTree = "<group>"; };
		3DD93D551DDBC4DB0091569A /* TaxCalculator.h */ = {isa = PBXFileReference; fileEncoding = 4; lastKnownFileType = sourcecode.c.h; name = TaxCalculator.h; path = support/TaxCalculator/TaxCalculator.h; sourceTree = "<group>"; };
		3DD93D561DDBC4DB0091569A /* TaxCalculator.m */ = {isa = PBXFileReference; fileEncoding = 4; lastKnownFileType = sourcecode.c.objc; name = TaxCalculator.m; path = support/TaxCalculator/TaxCalculator.m; sourceTree = "<group>"; };
		3DD93D581DDBC5E40091569A /* TaxCalculatorItem.h */ = {isa = PBXFileReference; fileEncoding = 4; lastKnownFileType = sourcecode.c.h; name = TaxCalculatorItem.h; path = support/TaxCalculator/TaxCalculatorItem.h; sourceTree = "<group>"; };
		3DD93D591DDBC5E40091569A /* TaxCalculatorItem.m */ = {isa = PBXFileReference; fileEncoding = 4; lastKnownFileType = sourcecode.c.objc; name = TaxCalculatorItem.m; path = support/TaxCalculator/TaxCalculatorItem.m; sourceTree = "<group>"; };
		3DD93D5B1DDBC7ED0091569A /* TaxCalculatorResult.h */ = {isa = PBXFileReference; fileEncoding = 4; lastKnownFileType = sourcecode.c.h; name = TaxCalculatorResult.h; path = support/TaxCalculator/TaxCalculatorResult.h; sourceTree = "<group>"; };
		3DD93D5C1DDBC7ED0091569A /* TaxCalculatorResult.m */ = {isa = PBXFileReference; fileEncoding = 4; lastKnownFileType = sourcecode.c.objc; name = TaxCalculatorResult.m; path = support/TaxCalculator/TaxCalculatorResult.m; sourceTree = "<group>"; };
		3DD93D5E1DDBCE8C0091569A /* ApplicableTaxTest.m */ = {isa = PBXFileReference; fileEncoding = 4; lastKnownFileType = sourcecode.c.objc; path = ApplicableTaxTest.m; sourceTree = "<group>"; };
		3DD93D601DDC366F0091569A /* ApplicableTax.h */ = {isa = PBXFileReference; fileEncoding = 4; lastKnownFileType = sourcecode.c.h; name = ApplicableTax.h; path = support/TaxCalculator/ApplicableTax.h; sourceTree = "<group>"; };
		3DD93D611DDC366F0091569A /* ApplicableTax.m */ = {isa = PBXFileReference; fileEncoding = 4; lastKnownFileType = sourcecode.c.objc; name = ApplicableTax.m; path = support/TaxCalculator/ApplicableTax.m; sourceTree = "<group>"; };
		3DD93D631DDCF1CA0091569A /* TaxCalculatorTest.m */ = {isa = PBXFileReference; fileEncoding = 4; lastKnownFileType = sourcecode.c.objc; path = TaxCalculatorTest.m; sourceTree = "<group>"; };
		3DD93D651DDD7D590091569A /* TaxCalculatorUtils.h */ = {isa = PBXFileReference; fileEncoding = 4; lastKnownFileType = sourcecode.c.h; name = TaxCalculatorUtils.h; path = support/TaxCalculatorUtils.h; sourceTree = "<group>"; };
		3DD93D661DDD7D590091569A /* TaxCalculatorUtils.m */ = {isa = PBXFileReference; fileEncoding = 4; lastKnownFileType = sourcecode.c.objc; name = TaxCalculatorUtils.m; path = support/TaxCalculatorUtils.m; sourceTree = "<group>"; };
		3DD93D681DDD82300091569A /* TestsUtils.h */ = {isa = PBXFileReference; fileEncoding = 4; lastKnownFileType = sourcecode.c.h; path = TestsUtils.h; sourceTree = "<group>"; };
		3DD93D691DDD82300091569A /* TestsUtils.m */ = {isa = PBXFileReference; fileEncoding = 4; lastKnownFileType = sourcecode.c.objc; path = TestsUtils.m; sourceTree = "<group>"; };
/* End PBXFileReference section */

/* Begin PBXFrameworksBuildPhase section */
		3DD93D201DDBA6FB0091569A /* Frameworks */ = {
			isa = PBXFrameworksBuildPhase;
			buildActionMask = 2147483647;
			files = (
			);
			runOnlyForDeploymentPostprocessing = 0;
		};
		3DD93D391DDBA6FB0091569A /* Frameworks */ = {
			isa = PBXFrameworksBuildPhase;
			buildActionMask = 2147483647;
			files = (
			);
			runOnlyForDeploymentPostprocessing = 0;
		};
/* End PBXFrameworksBuildPhase section */

/* Begin PBXGroup section */
		3D73B8781DDDB00A00F8E62A /* ReceiptGenerator */ = {
			isa = PBXGroup;
			children = (
				3D73B8791DDDB03300F8E62A /* ReceiptGenerator.h */,
				3D73B87A1DDDB03300F8E62A /* ReceiptGenerator.m */,
				3D73B87C1DDDB0D200F8E62A /* Receipt.h */,
				3D73B87D1DDDB0D300F8E62A /* Receipt.m */,
				3D73B87F1DDDB1B900F8E62A /* ReceiptItem.h */,
				3D73B8801DDDB1B900F8E62A /* ReceiptItem.m */,
			);
			name = ReceiptGenerator;
			sourceTree = "<group>";
		};
		3D8B82A81DDD8C740046D237 /* ProductBasket */ = {
			isa = PBXGroup;
			children = (
				3D8B82A91DDD8D4A0046D237 /* ProductBasket.h */,
				3D8B82AA1DDD8D4A0046D237 /* ProductBasket.m */,
			);
			name = ProductBasket;
			sourceTree = "<group>";
		};
		3DD93D1A1DDBA6FB0091569A = {
			isa = PBXGroup;
			children = (
				3DD93D251DDBA6FB0091569A /* SalesTaxes */,
				3DD93D3F1DDBA6FB0091569A /* SalesTaxesTests */,
				3DD93D241DDBA6FB0091569A /* Products */,
			);
			sourceTree = "<group>";
		};
		3DD93D241DDBA6FB0091569A /* Products */ = {
			isa = PBXGroup;
			children = (
				3DD93D231DDBA6FB0091569A /* SalesTaxes.app */,
				3DD93D3C1DDBA6FB0091569A /* SalesTaxesTests.xctest */,
			);
			name = Products;
			sourceTree = "<group>";
		};
		3DD93D251DDBA6FB0091569A /* SalesTaxes */ = {
			isa = PBXGroup;
			children = (
				3DD93D4F1DDBBAA70091569A /* support */,
				3DD93D291DDBA6FB0091569A /* AppDelegate.h */,
				3DD93D2A1DDBA6FB0091569A /* AppDelegate.m */,
				3DD93D2C1DDBA6FB0091569A /* BasketSelectorViewController.h */,
				3DD93D2D1DDBA6FB0091569A /* BasketSelectorViewController.m */,
				3DA627551DDEDFD300331C00 /* BasketDetailViewController.h */,
				3DA627561DDEDFD300331C00 /* BasketDetailViewController.m */,
				3DD93D2F1DDBA6FB0091569A /* Main.storyboard */,
				3DD93D321DDBA6FB0091569A /* Assets.xcassets */,
				3DD93D341DDBA6FB0091569A /* LaunchScreen.storyboard */,
				3DD93D371DDBA6FB0091569A /* Info.plist */,
				3DD93D261DDBA6FB0091569A /* Supporting Files */,
				3DA627581DDEE2EE00331C00 /* DecimalSupport.h */,
				3DA627591DDEE2EE00331C00 /* DecimalSupport.m */,
			);
			path = SalesTaxes;
			sourceTree = "<group>";
		};
		3DD93D261DDBA6FB0091569A /* Supporting Files */ = {
			isa = PBXGroup;
			children = (
				3DD93D271DDBA6FB0091569A /* main.m */,
			);
			name = "Supporting Files";
			sourceTree = "<group>";
		};
		3DD93D3F1DDBA6FB0091569A /* SalesTaxesTests */ = {
			isa = PBXGroup;
			children = (
				3DD93D421DDBA6FB0091569A /* Info.plist */,
				3DD93D5E1DDBCE8C0091569A /* ApplicableTaxTest.m */,
				3DD93D631DDCF1CA0091569A /* TaxCalculatorTest.m */,
				3DD93D681DDD82300091569A /* TestsUtils.h */,
				3DD93D691DDD82300091569A /* TestsUtils.m */,
				3D8B82AC1DDD95370046D237 /* ProductBasketTest.m */,
				3D73B8851DDDBAC100F8E62A /* ReceiptItemTest.m */,
				3D73B8871DDDBF6C00F8E62A /* ReceiptTest.m */,
				3D73B8891DDDC3CD00F8E62A /* ReceiptGeneratorTest.m */,
			);
			path = SalesTaxesTests;
			sourceTree = "<group>";
		};
		3DD93D4F1DDBBAA70091569A /* support */ = {
			isa = PBXGroup;
			children = (
				3D73B8781DDDB00A00F8E62A /* ReceiptGenerator */,
				3D8B82A81DDD8C740046D237 /* ProductBasket */,
				3DD93D501DDBBABD0091569A /* TaxCalculator */,
			);
			name = support;
			sourceTree = "<group>";
		};
		3DD93D501DDBBABD0091569A /* TaxCalculator */ = {
			isa = PBXGroup;
			children = (
				3DD93D601DDC366F0091569A /* ApplicableTax.h */,
				3DD93D611DDC366F0091569A /* ApplicableTax.m */,
				3DD93D511DDBBAF10091569A /* ApplicableTaxRule.h */,
				3DD93D521DDBBAF10091569A /* ApplicableTaxRule.m */,
				3DD93D581DDBC5E40091569A /* TaxCalculatorItem.h */,
				3DD93D591DDBC5E40091569A /* TaxCalculatorItem.m */,
				3DD93D5B1DDBC7ED0091569A /* TaxCalculatorResult.h */,
				3DD93D5C1DDBC7ED0091569A /* TaxCalculatorResult.m */,
				3DD93D551DDBC4DB0091569A /* TaxCalculator.h */,
				3DD93D561DDBC4DB0091569A /* TaxCalculator.m */,
				3DD93D651DDD7D590091569A /* TaxCalculatorUtils.h */,
				3DD93D661DDD7D590091569A /* TaxCalculatorUtils.m */,
			);
			name = TaxCalculator;
			sourceTree = "<group>";
		};
/* End PBXGroup section */

/* Begin PBXNativeTarget section */
		3DD93D221DDBA6FB0091569A /* SalesTaxes */ = {
			isa = PBXNativeTarget;
			buildConfigurationList = 3DD93D451DDBA6FB0091569A /* Build configuration list for PBXNativeTarget "SalesTaxes" */;
			buildPhases = (
				3DD93D1F1DDBA6FB0091569A /* Sources */,
				3DD93D201DDBA6FB0091569A /* Frameworks */,
				3DD93D211DDBA6FB0091569A /* Resources */,
			);
			buildRules = (
			);
			dependencies = (
			);
			name = SalesTaxes;
			productName = SalesTaxes;
			productReference = 3DD93D231DDBA6FB0091569A /* SalesTaxes.app */;
			productType = "com.apple.product-type.application";
		};
		3DD93D3B1DDBA6FB0091569A /* SalesTaxesTests */ = {
			isa = PBXNativeTarget;
			buildConfigurationList = 3DD93D481DDBA6FB0091569A /* Build configuration list for PBXNativeTarget "SalesTaxesTests" */;
			buildPhases = (
				3DD93D381DDBA6FB0091569A /* Sources */,
				3DD93D391DDBA6FB0091569A /* Frameworks */,
				3DD93D3A1DDBA6FB0091569A /* Resources */,
			);
			buildRules = (
			);
			dependencies = (
				3DD93D3E1DDBA6FB0091569A /* PBXTargetDependency */,
			);
			name = SalesTaxesTests;
			productName = SalesTaxesTests;
			productReference = 3DD93D3C1DDBA6FB0091569A /* SalesTaxesTests.xctest */;
			productType = "com.apple.product-type.bundle.unit-test";
		};
/* End PBXNativeTarget section */

/* Begin PBXProject section */
		3DD93D1B1DDBA6FB0091569A /* Project object */ = {
			isa = PBXProject;
			attributes = {
				LastUpgradeCheck = 0810;
				ORGANIZATIONNAME = wizzo;
				TargetAttributes = {
					3DD93D221DDBA6FB0091569A = {
						CreatedOnToolsVersion = 8.1;
						ProvisioningStyle = Manual;
					};
					3DD93D3B1DDBA6FB0091569A = {
						CreatedOnToolsVersion = 8.1;
						DevelopmentTeam = YKG328YCR6;
						ProvisioningStyle = Automatic;
						TestTargetID = 3DD93D221DDBA6FB0091569A;
					};
				};
			};
			buildConfigurationList = 3DD93D1E1DDBA6FB0091569A /* Build configuration list for PBXProject "SalesTaxes" */;
			compatibilityVersion = "Xcode 3.2";
			developmentRegion = English;
			hasScannedForEncodings = 0;
			knownRegions = (
				en,
				Base,
			);
			mainGroup = 3DD93D1A1DDBA6FB0091569A;
			productRefGroup = 3DD93D241DDBA6FB0091569A /* Products */;
			projectDirPath = "";
			projectRoot = "";
			targets = (
				3DD93D221DDBA6FB0091569A /* SalesTaxes */,
				3DD93D3B1DDBA6FB0091569A /* SalesTaxesTests */,
			);
		};
/* End PBXProject section */

/* Begin PBXResourcesBuildPhase section */
		3DD93D211DDBA6FB0091569A /* Resources */ = {
			isa = PBXResourcesBuildPhase;
			buildActionMask = 2147483647;
			files = (
				3DD93D361DDBA6FB0091569A /* LaunchScreen.storyboard in Resources */,
				3DD93D331DDBA6FB0091569A /* Assets.xcassets in Resources */,
				3DD93D311DDBA6FB0091569A /* Main.storyboard in Resources */,
			);
			runOnlyForDeploymentPostprocessing = 0;
		};
		3DD93D3A1DDBA6FB0091569A /* Resources */ = {
			isa = PBXResourcesBuildPhase;
			buildActionMask = 2147483647;
			files = (
			);
			runOnlyForDeploymentPostprocessing = 0;
		};
/* End PBXResourcesBuildPhase section */

/* Begin PBXSourcesBuildPhase section */
		3DD93D1F1DDBA6FB0091569A /* Sources */ = {
			isa = PBXSourcesBuildPhase;
			buildActionMask = 2147483647;
			files = (
				3DD93D2E1DDBA6FB0091569A /* BasketSelectorViewController.m in Sources */,
				3DD93D571DDBC4DB0091569A /* TaxCalculator.m in Sources */,
				3D73B87B1DDDB03300F8E62A /* ReceiptGenerator.m in Sources */,
				3DD93D531DDBBAF10091569A /* ApplicableTaxRule.m in Sources */,
				3DD93D621DDC366F0091569A /* ApplicableTax.m in Sources */,
				3DD93D2B1DDBA6FB0091569A /* AppDelegate.m in Sources */,
				3DD93D5A1DDBC5E40091569A /* TaxCalculatorItem.m in Sources */,
				3DD93D5D1DDBC7ED0091569A /* TaxCalculatorResult.m in Sources */,
				3D73B87E1DDDB0D300F8E62A /* Receipt.m in Sources */,
				3D73B8811DDDB1B900F8E62A /* ReceiptItem.m in Sources */,
				3D8B82AB1DDD8D4A0046D237 /* ProductBasket.m in Sources */,
				3DD93D281DDBA6FB0091569A /* main.m in Sources */,
				3DA6275A1DDEE2EE00331C00 /* DecimalSupport.m in Sources */,
				3DD93D671DDD7D590091569A /* TaxCalculatorUtils.m in Sources */,
				3DA627571DDEDFD300331C00 /* BasketDetailViewController.m in Sources */,
			);
			runOnlyForDeploymentPostprocessing = 0;
		};
		3DD93D381DDBA6FB0091569A /* Sources */ = {
			isa = PBXSourcesBuildPhase;
			buildActionMask = 2147483647;
			files = (
				3D73B8881DDDBF6C00F8E62A /* ReceiptTest.m in Sources */,
				3D73B8861DDDBAC100F8E62A /* ReceiptItemTest.m in Sources */,
				3DD93D5F1DDBCE8C0091569A /* ApplicableTaxTest.m in Sources */,
				3D8B82AD1DDD95370046D237 /* ProductBasketTest.m in Sources */,
				3DD93D6A1DDD82300091569A /* TestsUtils.m in Sources */,
				3D73B88A1DDDC3CD00F8E62A /* ReceiptGeneratorTest.m in Sources */,
				3DD93D641DDCF1CA0091569A /* TaxCalculatorTest.m in Sources */,
			);
			runOnlyForDeploymentPostprocessing = 0;
		};
/* End PBXSourcesBuildPhase section */

/* Begin PBXTargetDependency section */
		3DD93D3E1DDBA6FB0091569A /* PBXTargetDependency */ = {
			isa = PBXTargetDependency;
			target = 3DD93D221DDBA6FB0091569A /* SalesTaxes */;
			targetProxy = 3DD93D3D1DDBA6FB0091569A /* PBXContainerItemProxy */;
		};
/* End PBXTargetDependency section */

/* Begin PBXVariantGroup section */
		3DD93D2F1DDBA6FB0091569A /* Main.storyboard */ = {
			isa = PBXVariantGroup;
			children = (
				3DD93D301DDBA6FB0091569A /* Base */,
			);
			name = Main.storyboard;
			sourceTree = "<group>";
		};
		3DD93D341DDBA6FB0091569A /* LaunchScreen.storyboard */ = {
			isa = PBXVariantGroup;
			children = (
				3DD93D351DDBA6FB0091569A /* Base */,
			);
			name = LaunchScreen.storyboard;
			sourceTree = "<group>";
		};
/* End PBXVariantGroup section */

/* Begin XCBuildConfiguration section */
		3DD93D431DDBA6FB0091569A /* Debug */ = {
			isa = XCBuildConfiguration;
			buildSettings = {
				ALWAYS_SEARCH_USER_PATHS = NO;
				CLANG_ANALYZER_NONNULL = YES;
				CLANG_CXX_LANGUAGE_STANDARD = "gnu++0x";
				CLANG_CXX_LIBRARY = "libc++";
				CLANG_ENABLE_MODULES = YES;
				CLANG_ENABLE_OBJC_ARC = YES;
				CLANG_WARN_BOOL_CONVERSION = YES;
				CLANG_WARN_CONSTANT_CONVERSION = YES;
				CLANG_WARN_DIRECT_OBJC_ISA_USAGE = YES_ERROR;
				CLANG_WARN_DOCUMENTATION_COMMENTS = YES;
				CLANG_WARN_EMPTY_BODY = YES;
				CLANG_WARN_ENUM_CONVERSION = YES;
				CLANG_WARN_INFINITE_RECURSION = YES;
				CLANG_WARN_INT_CONVERSION = YES;
				CLANG_WARN_OBJC_ROOT_CLASS = YES_ERROR;
				CLANG_WARN_SUSPICIOUS_MOVES = YES;
				CLANG_WARN_UNREACHABLE_CODE = YES;
				CLANG_WARN__DUPLICATE_METHOD_MATCH = YES;
				"CODE_SIGN_IDENTITY[sdk=iphoneos*]" = "iPhone Developer";
				COPY_PHASE_STRIP = NO;
				DEBUG_INFORMATION_FORMAT = dwarf;
				ENABLE_STRICT_OBJC_MSGSEND = YES;
				ENABLE_TESTABILITY = YES;
				GCC_C_LANGUAGE_STANDARD = gnu99;
				GCC_DYNAMIC_NO_PIC = NO;
				GCC_NO_COMMON_BLOCKS = YES;
				GCC_OPTIMIZATION_LEVEL = 0;
				GCC_PREPROCESSOR_DEFINITIONS = (
					"DEBUG=1",
					"$(inherited)",
				);
				GCC_WARN_64_TO_32_BIT_CONVERSION = YES;
				GCC_WARN_ABOUT_RETURN_TYPE = YES_ERROR;
				GCC_WARN_UNDECLARED_SELECTOR = YES;
				GCC_WARN_UNINITIALIZED_AUTOS = YES_AGGRESSIVE;
				GCC_WARN_UNUSED_FUNCTION = YES;
				GCC_WARN_UNUSED_VARIABLE = YES;
				IPHONEOS_DEPLOYMENT_TARGET = 10.1;
				MTL_ENABLE_DEBUG_INFO = YES;
				ONLY_ACTIVE_ARCH = YES;
				SDKROOT = iphoneos;
			};
			name = Debug;
		};
		3DD93D441DDBA6FB0091569A /* Release */ = {
			isa = XCBuildConfiguration;
			buildSettings = {
				ALWAYS_SEARCH_USER_PATHS = NO;
				CLANG_ANALYZER_NONNULL = YES;
				CLANG_CXX_LANGUAGE_STANDARD = "gnu++0x";
				CLANG_CXX_LIBRARY = "libc++";
				CLANG_ENABLE_MODULES = YES;
				CLANG_ENABLE_OBJC_ARC = YES;
				CLANG_WARN_BOOL_CONVERSION = YES;
				CLANG_WARN_CONSTANT_CONVERSION = YES;
				CLANG_WARN_DIRECT_OBJC_ISA_USAGE = YES_ERROR;
				CLANG_WARN_DOCUMENTATION_COMMENTS = YES;
				CLANG_WARN_EMPTY_BODY = YES;
				CLANG_WARN_ENUM_CONVERSION = YES;
				CLANG_WARN_INFINITE_RECURSION = YES;
				CLANG_WARN_INT_CONVERSION = YES;
				CLANG_WARN_OBJC_ROOT_CLASS = YES_ERROR;
				CLANG_WARN_SUSPICIOUS_MOVES = YES;
				CLANG_WARN_UNREACHABLE_CODE = YES;
				CLANG_WARN__DUPLICATE_METHOD_MATCH = YES;
				"CODE_SIGN_IDENTITY[sdk=iphoneos*]" = "iPhone Developer";
				COPY_PHASE_STRIP = NO;
				DEBUG_INFORMATION_FORMAT = "dwarf-with-dsym";
				ENABLE_NS_ASSERTIONS = NO;
				ENABLE_STRICT_OBJC_MSGSEND = YES;
				GCC_C_LANGUAGE_STANDARD = gnu99;
				GCC_NO_COMMON_BLOCKS = YES;
				GCC_WARN_64_TO_32_BIT_CONVERSION = YES;
				GCC_WARN_ABOUT_RETURN_TYPE = YES_ERROR;
				GCC_WARN_UNDECLARED_SELECTOR = YES;
				GCC_WARN_UNINITIALIZED_AUTOS = YES_AGGRESSIVE;
				GCC_WARN_UNUSED_FUNCTION = YES;
				GCC_WARN_UNUSED_VARIABLE = YES;
				IPHONEOS_DEPLOYMENT_TARGET = 10.1;
				MTL_ENABLE_DEBUG_INFO = NO;
				SDKROOT = iphoneos;
				VALIDATE_PRODUCT = YES;
			};
			name = Release;
		};
		3DD93D461DDBA6FB0091569A /* Debug */ = {
			isa = XCBuildConfiguration;
			buildSettings = {
				ASSETCATALOG_COMPILER_APPICON_NAME = AppIcon;
				DEVELOPMENT_TEAM = "";
				INFOPLIST_FILE = SalesTaxes/Info.plist;
				LD_RUNPATH_SEARCH_PATHS = "$(inherited) @executable_path/Frameworks";
				PRODUCT_BUNDLE_IDENTIFIER = com.wizzo.SalesTaxes;
				PRODUCT_NAME = "$(TARGET_NAME)";
			};
			name = Debug;
		};
		3DD93D471DDBA6FB0091569A /* Release */ = {
			isa = XCBuildConfiguration;
			buildSettings = {
				ASSETCATALOG_COMPILER_APPICON_NAME = AppIcon;
				DEVELOPMENT_TEAM = "";
				INFOPLIST_FILE = SalesTaxes/Info.plist;
				LD_RUNPATH_SEARCH_PATHS = "$(inherited) @executable_path/Frameworks";
				PRODUCT_BUNDLE_IDENTIFIER = com.wizzo.SalesTaxes;
				PRODUCT_NAME = "$(TARGET_NAME)";
			};
			name = Release;
		};
		3DD93D491DDBA6FB0091569A /* Debug */ = {
			isa = XCBuildConfiguration;
			buildSettings = {
				BUNDLE_LOADER = "$(TEST_HOST)";
				DEVELOPMENT_TEAM = YKG328YCR6;
				INFOPLIST_FILE = SalesTaxesTests/Info.plist;
				LD_RUNPATH_SEARCH_PATHS = "$(inherited) @executable_path/Frameworks @loader_path/Frameworks";
				PRODUCT_BUNDLE_IDENTIFIER = com.wizzo.SalesTaxesTests;
				PRODUCT_NAME = "$(TARGET_NAME)";
				TEST_HOST = "$(BUILT_PRODUCTS_DIR)/SalesTaxes.app/SalesTaxes";
			};
			name = Debug;
		};
		3DD93D4A1DDBA6FB0091569A /* Release */ = {
			isa = XCBuildConfiguration;
			buildSettings = {
				BUNDLE_LOADER = "$(TEST_HOST)";
				DEVELOPMENT_TEAM = YKG328YCR6;
				INFOPLIST_FILE = SalesTaxesTests/Info.plist;
				LD_RUNPATH_SEARCH_PATHS = "$(inherited) @executable_path/Frameworks @loader_path/Frameworks";
				PRODUCT_BUNDLE_IDENTIFIER = com.wizzo.SalesTaxesTests;
				PRODUCT_NAME = "$(TARGET_NAME)";
				TEST_HOST = "$(BUILT_PRODUCTS_DIR)/SalesTaxes.app/SalesTaxes";
			};
			name = Release;
		};
/* End XCBuildConfiguration section */

/* Begin XCConfigurationList section */
		3DD93D1E1DDBA6FB0091569A /* Build configuration list for PBXProject "SalesTaxes" */ = {
			isa = XCConfigurationList;
			buildConfigurations = (
				3DD93D431DDBA6FB0091569A /* Debug */,
				3DD93D441DDBA6FB0091569A /* Release */,
			);
			defaultConfigurationIsVisible = 0;
			defaultConfigurationName = Release;
		};
		3DD93D451DDBA6FB0091569A /* Build configuration list for PBXNativeTarget "SalesTaxes" */ = {
			isa = XCConfigurationList;
			buildConfigurations = (
				3DD93D461DDBA6FB0091569A /* Debug */,
				3DD93D471DDBA6FB0091569A /* Release */,
			);
			defaultConfigurationIsVisible = 0;
			defaultConfigurationName = Release;
		};
		3DD93D481DDBA6FB0091569A /* Build configuration list for PBXNativeTarget "SalesTaxesTests" */ = {
			isa = XCConfigurationList;
			buildConfigurations = (
				3DD93D491DDBA6FB0091569A /* Debug */,
				3DD93D4A1DDBA6FB0091569A /* Release */,
			);
			defaultConfigurationIsVisible = 0;
			defaultConfigurationName = Release;
		};
/* End XCConfigurationList section */
	};
	rootObject = 3DD93D1B1DDBA6FB0091569A /* Project object */;
}
